{
  "name": "moscati",
  "version": "1.0.0",
  "lockfileVersion": 1,
  "requires": true,
  "dependencies": {
    "@fancyapps/fancybox": {
      "version": "https://registry.npmjs.org/@fancyapps/fancybox/-/fancybox-3.1.20.tgz",
      "integrity": "sha1-nb8bDiISlQFE1zbiH+iUpS5R0lA="
    },
    "instafeed.js": {
      "version": "1.4.1",
      "resolved": "https://registry.npmjs.org/instafeed.js/-/instafeed.js-1.4.1.tgz",
      "integrity": "sha1-wp15FFY8EXIrNs2SGpHeJSH5zao="
    }
  }
}
